
Microsoft Visual Studio Solution File, Format Version 12.00
# Visual Studio Version 17
VisualStudioVersion = 17.5.33424.131
MinimumVisualStudioVersion = 10.0.40219.1
Project("{FAE04EC0-301F-11D3-BF4B-00C04F79EFBC}") = "WindowsFormsApp1", "WindowsFormsApp1\WindowsFormsApp1.csproj", "{E373404A-808E-4DAC-B837-48B82FC62D4A}"
EndProject
Global
	GlobalSection(SolutionConfigurationPlatforms) = preSolution
		Debug|Any CPU = Debug|Any CPU
		Release|Any CPU = Release|Any CPU
	EndGlobalSection
	GlobalSection(ProjectConfigurationPlatforms) = postSolution
		{E373404A-808E-4DAC-B837-48B82FC62D4A}.Debug|Any CPU.ActiveCfg = Debug|Any CPU
		{E373404A-808E-4DAC-B837-48B82FC62D4A}.Debug|Any CPU.Build.0 = Debug|Any CPU
		{E373404A-808E-4DAC-B837-48B82FC62D4A}.Release|Any CPU.ActiveCfg = Release|Any CPU
		{E373404A-808E-4DAC-B837-48B82FC62D4A}.Release|Any CPU.Build.0 = Release|Any CPU
	EndGlobalSection
	GlobalSection(SolutionProperties) = preSolution
		HideSolutionNode = FALSE
	EndGlobalSection
	GlobalSection(ExtensibilityGlobals) = postSolution
		SolutionGuid = {D4BBE7D8-7923-484A-9AE4-A5EEB1D10A86}
	EndGlobalSection
EndGlobal
